
Microsoft Visual Studio Solution File, Format Version 12.00
# Visual Studio Version 17
VisualStudioVersion = 17.1.32414.318
MinimumVisualStudioVersion = 10.0.40219.1
Project("{FAE04EC0-301F-11D3-BF4B-00C04F79EFBC}") = "Homework2", "Homework2.csproj", "{6299FA0E-D92E-476B-B856-910D9A88BC7A}"
EndProject
Global
	GlobalSection(SolutionConfigurationPlatforms) = preSolution
		Debug|Any CPU = Debug|Any CPU
		Release|Any CPU = Release|Any CPU
	EndGlobalSection
	GlobalSection(ProjectConfigurationPlatforms) = postSolution
		{6299FA0E-D92E-476B-B856-910D9A88BC7A}.Debug|Any CPU.ActiveCfg = Debug|Any CPU
		{6299FA0E-D92E-476B-B856-910D9A88BC7A}.Debug|Any CPU.Build.0 = Debug|Any CPU
		{6299FA0E-D92E-476B-B856-910D9A88BC7A}.Release|Any CPU.ActiveCfg = Release|Any CPU
		{6299FA0E-D92E-476B-B856-910D9A88BC7A}.Release|Any CPU.Build.0 = Release|Any CPU
	EndGlobalSection
	GlobalSection(SolutionProperties) = preSolution
		HideSolutionNode = FALSE
	EndGlobalSection
	GlobalSection(ExtensibilityGlobals) = postSolution
		SolutionGuid = {E2DD8912-A7FF-40FE-B5E4-A541C72D82EA}
	EndGlobalSection
EndGlobal
